
Microsoft Visual Studio Solution File, Format Version 12.00
# Visual Studio Version 16
VisualStudioVersion = 16.0.32228.343
MinimumVisualStudioVersion = 10.0.40219.1
Project("{FAE04EC0-301F-11D3-BF4B-00C04F79EFBC}") = "BasketTask", "BasketTask\BasketTask.csproj", "{37E2FD10-7DD5-42E4-ABFD-04B88064D9E8}"
EndProject
Global
	GlobalSection(SolutionConfigurationPlatforms) = preSolution
		Debug|Any CPU = Debug|Any CPU
		Release|Any CPU = Release|Any CPU
	EndGlobalSection
	GlobalSection(ProjectConfigurationPlatforms) = postSolution
		{37E2FD10-7DD5-42E4-ABFD-04B88064D9E8}.Debug|Any CPU.ActiveCfg = Debug|Any CPU
		{37E2FD10-7DD5-42E4-ABFD-04B88064D9E8}.Debug|Any CPU.Build.0 = Debug|Any CPU
		{37E2FD10-7DD5-42E4-ABFD-04B88064D9E8}.Release|Any CPU.ActiveCfg = Release|Any CPU
		{37E2FD10-7DD5-42E4-ABFD-04B88064D9E8}.Release|Any CPU.Build.0 = Release|Any CPU
	EndGlobalSection
	GlobalSection(SolutionProperties) = preSolution
		HideSolutionNode = FALSE
	EndGlobalSection
	GlobalSection(ExtensibilityGlobals) = postSolution
		SolutionGuid = {33448431-B3C1-463E-8BB4-5A5CFC35E629}
	EndGlobalSection
EndGlobal
